
Microsoft Visual Studio Solution File, Format Version 12.00
# Visual Studio 15
VisualStudioVersion = 15.0.27130.2024
MinimumVisualStudioVersion = 10.0.40219.1
Project("{FAE04EC0-301F-11D3-BF4B-00C04F79EFBC}") = "brechtbaekelandt.ldap", "brechtbaekelandt.ldap\brechtbaekelandt.ldap.csproj", "{48A17624-DE75-4826-A7C1-BA04142AF19C}"
EndProject
Global
	GlobalSection(SolutionConfigurationPlatforms) = preSolution
		Debug|Any CPU = Debug|Any CPU
		Release|Any CPU = Release|Any CPU
	EndGlobalSection
	GlobalSection(ProjectConfigurationPlatforms) = postSolution
		{48A17624-DE75-4826-A7C1-BA04142AF19C}.Debug|Any CPU.ActiveCfg = Debug|Any CPU
		{48A17624-DE75-4826-A7C1-BA04142AF19C}.Debug|Any CPU.Build.0 = Debug|Any CPU
		{48A17624-DE75-4826-A7C1-BA04142AF19C}.Release|Any CPU.ActiveCfg = Release|Any CPU
		{48A17624-DE75-4826-A7C1-BA04142AF19C}.Release|Any CPU.Build.0 = Release|Any CPU
	EndGlobalSection
	GlobalSection(SolutionProperties) = preSolution
		HideSolutionNode = FALSE
	EndGlobalSection
	GlobalSection(ExtensibilityGlobals) = postSolution
		SolutionGuid = {3701A3D6-A129-491A-AF6B-7B32B98DFC9C}
	EndGlobalSection
EndGlobal
